
Microsoft Visual Studio Solution File, Format Version 12.00
Project("{FAE04EC0-301F-11D3-BF4B-00C04F79EFBC}") = "RedLight.Engine", "RedLight.Engine\RedLight.Engine.csproj", "{77548D3F-2D3F-4F20-9EEF-11B15B0844F1}"
EndProject
Project("{FAE04EC0-301F-11D3-BF4B-00C04F79EFBC}") = "Game", "Game\Game.csproj", "{A8EB45F8-1866-4806-B03E-53BF2B6476CB}"
EndProject
Global
	GlobalSection(SolutionConfigurationPlatforms) = preSolution
		Debug|Any CPU = Debug|Any CPU
		Release|Any CPU = Release|Any CPU
	EndGlobalSection
	GlobalSection(ProjectConfigurationPlatforms) = postSolution
		{77548D3F-2D3F-4F20-9EEF-11B15B0844F1}.Debug|Any CPU.ActiveCfg = Debug|Any CPU
		{77548D3F-2D3F-4F20-9EEF-11B15B0844F1}.Debug|Any CPU.Build.0 = Debug|Any CPU
		{77548D3F-2D3F-4F20-9EEF-11B15B0844F1}.Release|Any CPU.ActiveCfg = Release|Any CPU
		{77548D3F-2D3F-4F20-9EEF-11B15B0844F1}.Release|Any CPU.Build.0 = Release|Any CPU
		{A8EB45F8-1866-4806-B03E-53BF2B6476CB}.Debug|Any CPU.ActiveCfg = Debug|Any CPU
		{A8EB45F8-1866-4806-B03E-53BF2B6476CB}.Debug|Any CPU.Build.0 = Debug|Any CPU
		{A8EB45F8-1866-4806-B03E-53BF2B6476CB}.Release|Any CPU.ActiveCfg = Release|Any CPU
		{A8EB45F8-1866-4806-B03E-53BF2B6476CB}.Release|Any CPU.Build.0 = Release|Any CPU
	EndGlobalSection
EndGlobal
